// !$*UTF8*$!
{
	archiveVersion = 1;
	classes = {
	};
	objectVersion = 50;
	objects = {

/* Begin PBXBuildFile section */
		52370B1723DDB4C300E602EB /* Utils.swift in Sources */ = {isa = PBXBuildFile; fileRef = 52370B1323DDB4C300E602EB /* Utils.swift */; };
		52370B1823DDB4C300E602EB /* png.png in Resources */ = {isa = PBXBuildFile; fileRef = 52370B1423DDB4C300E602EB /* png.png */; };
		52370B1923DDB4C300E602EB /* PopOverSubClasses.swift in Sources */ = {isa = PBXBuildFile; fileRef = 52370B1523DDB4C300E602EB /* PopOverSubClasses.swift */; };
		52370B1A23DDB4C300E602EB /* PopoverBaseViewController.swift in Sources */ = {isa = PBXBuildFile; fileRef = 52370B1623DDB4C300E602EB /* PopoverBaseViewController.swift */; };
		52370B2423DDB4DF00E602EB /* Montserrat-Bold.otf in Resources */ = {isa = PBXBuildFile; fileRef = 52370B1C23DDB4DF00E602EB /* Montserrat-Bold.otf */; };
		52370B2523DDB4DF00E602EB /* Montserrat-Light.otf in Resources */ = {isa = PBXBuildFile; fileRef = 52370B1D23DDB4DF00E602EB /* Montserrat-Light.otf */; };
		52370B2623DDB4DF00E602EB /* Montserrat-UltraLight.otf in Resources */ = {isa = PBXBuildFile; fileRef = 52370B1E23DDB4DF00E602EB /* Montserrat-UltraLight.otf */; };
		52370B2723DDB4DF00E602EB /* Montserrat-Regular.otf in Resources */ = {isa = PBXBuildFile; fileRef = 52370B1F23DDB4DF00E602EB /* Montserrat-Regular.otf */; };
		52370B2823DDB4DF00E602EB /* Montserrat-ExtraBold.otf in Resources */ = {isa = PBXBuildFile; fileRef = 52370B2023DDB4DF00E602EB /* Montserrat-ExtraBold.otf */; };
		52370B2923DDB4DF00E602EB /* Montserrat-Black.otf in Resources */ = {isa = PBXBuildFile; fileRef = 52370B2123DDB4DF00E602EB /* Montserrat-Black.otf */; };
		52370B2A23DDB4DF00E602EB /* Montserrat-Hairline.otf in Resources */ = {isa = PBXBuildFile; fileRef = 52370B2223DDB4DF00E602EB /* Montserrat-Hairline.otf */; };
		52370B2B23DDB4DF00E602EB /* Montserrat-SemiBold.otf in Resources */ = {isa = PBXBuildFile; fileRef = 52370B2323DDB4DF00E602EB /* Montserrat-SemiBold.otf */; };
		52370B3423DDB83000E602EB /* PopOverSample.storyboard in Sources */ = {isa = PBXBuildFile; fileRef = 52370B1023DDB35300E602EB /* PopOverSample.storyboard */; };
/* End PBXBuildFile section */

/* Begin PBXFileReference section */
		52370AE823DD99A500E602EB /* GenericPopover.framework */ = {isa = PBXFileReference; explicitFileType = wrapper.framework; includeInIndex = 0; path = GenericPopover.framework; sourceTree = BUILT_PRODUCTS_DIR; };
		52370AEC23DD99A500E602EB /* Info.plist */ = {isa = PBXFileReference; lastKnownFileType = text.plist.xml; path = Info.plist; sourceTree = "<group>"; };
		52370B1023DDB35300E602EB /* PopOverSample.storyboard */ = {isa = PBXFileReference; lastKnownFileType = file.storyboard; path = PopOverSample.storyboard; sourceTree = "<group>"; };
		52370B1323DDB4C300E602EB /* Utils.swift */ = {isa = PBXFileReference; fileEncoding = 4; lastKnownFileType = sourcecode.swift; name = Utils.swift; path = PopOver/Utils.swift; sourceTree = SOURCE_ROOT; };
		52370B1423DDB4C300E602EB /* png.png */ = {isa = PBXFileReference; lastKnownFileType = image.png; name = png.png; path = PopOver/png.png; sourceTree = SOURCE_ROOT; };
		52370B1523DDB4C300E602EB /* PopOverSubClasses.swift */ = {isa = PBXFileReference; fileEncoding = 4; lastKnownFileType = sourcecode.swift; name = PopOverSubClasses.swift; path = PopOver/PopOverSubClasses.swift; sourceTree = SOURCE_ROOT; };
		52370B1623DDB4C300E602EB /* PopoverBaseViewController.swift */ = {isa = PBXFileReference; fileEncoding = 4; lastKnownFileType = sourcecode.swift; name = PopoverBaseViewController.swift; path = PopOver/PopoverBaseViewController.swift; sourceTree = SOURCE_ROOT; };
		52370B1C23DDB4DF00E602EB /* Montserrat-Bold.otf */ = {isa = PBXFileReference; lastKnownFileType = file; path = "Montserrat-Bold.otf"; sourceTree = "<group>"; };
		52370B1D23DDB4DF00E602EB /* Montserrat-Light.otf */ = {isa = PBXFileReference; lastKnownFileType = file; path = "Montserrat-Light.otf"; sourceTree = "<group>"; };
		52370B1E23DDB4DF00E602EB /* Montserrat-UltraLight.otf */ = {isa = PBXFileReference; lastKnownFileType = file; path = "Montserrat-UltraLight.otf"; sourceTree = "<group>"; };
		52370B1F23DDB4DF00E602EB /* Montserrat-Regular.otf */ = {isa = PBXFileReference; lastKnownFileType = file; path = "Montserrat-Regular.otf"; sourceTree = "<group>"; };
		52370B2023DDB4DF00E602EB /* Montserrat-ExtraBold.otf */ = {isa = PBXFileReference; lastKnownFileType = file; path = "Montserrat-ExtraBold.otf"; sourceTree = "<group>"; };
		52370B2123DDB4DF00E602EB /* Montserrat-Black.otf */ = {isa = PBXFileReference; lastKnownFileType = file; path = "Montserrat-Black.otf"; sourceTree = "<group>"; };
		52370B2223DDB4DF00E602EB /* Montserrat-Hairline.otf */ = {isa = PBXFileReference; lastKnownFileType = file; path = "Montserrat-Hairline.otf"; sourceTree = "<group>"; };
		52370B2323DDB4DF00E602EB /* Montserrat-SemiBold.otf */ = {isa = PBXFileReference; lastKnownFileType = file; path = "Montserrat-SemiBold.otf"; sourceTree = "<group>"; };
/* End PBXFileReference section */

/* Begin PBXFrameworksBuildPhase section */
		52370AE523DD99A500E602EB /* Frameworks */ = {
			isa = PBXFrameworksBuildPhase;
			buildActionMask = 2147483647;
			files = (
			);
			runOnlyForDeploymentPostprocessing = 0;
		};
/* End PBXFrameworksBuildPhase section */

/* Begin PBXGroup section */
		52370ADE23DD99A500E602EB = {
			isa = PBXGroup;
			children = (
				52370AEA23DD99A500E602EB /* GenericPopover */,
				52370AE923DD99A500E602EB /* Products */,
			);
			sourceTree = "<group>";
		};
		52370AE923DD99A500E602EB /* Products */ = {
			isa = PBXGroup;
			children = (
				52370AE823DD99A500E602EB /* GenericPopover.framework */,
			);
			name = Products;
			sourceTree = "<group>";
		};
		52370AEA23DD99A500E602EB /* GenericPopover */ = {
			isa = PBXGroup;
			children = (
				52370B1023DDB35300E602EB /* PopOverSample.storyboard */,
				52370B1B23DDB4DF00E602EB /* Fonts */,
				52370B1423DDB4C300E602EB /* png.png */,
				52370B1623DDB4C300E602EB /* PopoverBaseViewController.swift */,
				52370B1523DDB4C300E602EB /* PopOverSubClasses.swift */,
				52370B1323DDB4C300E602EB /* Utils.swift */,
				52370AEC23DD99A500E602EB /* Info.plist */,
			);
			path = GenericPopover;
			sourceTree = "<group>";
		};
		52370B1B23DDB4DF00E602EB /* Fonts */ = {
			isa = PBXGroup;
			children = (
				52370B1C23DDB4DF00E602EB /* Montserrat-Bold.otf */,
				52370B1D23DDB4DF00E602EB /* Montserrat-Light.otf */,
				52370B1E23DDB4DF00E602EB /* Montserrat-UltraLight.otf */,
				52370B1F23DDB4DF00E602EB /* Montserrat-Regular.otf */,
				52370B2023DDB4DF00E602EB /* Montserrat-ExtraBold.otf */,
				52370B2123DDB4DF00E602EB /* Montserrat-Black.otf */,
				52370B2223DDB4DF00E602EB /* Montserrat-Hairline.otf */,
				52370B2323DDB4DF00E602EB /* Montserrat-SemiBold.otf */,
			);
			name = Fonts;
			path = PopOver/Fonts;
			sourceTree = SOURCE_ROOT;
		};
/* End PBXGroup section */

/* Begin PBXHeadersBuildPhase section */
		52370AE323DD99A500E602EB /* Headers */ = {
			isa = PBXHeadersBuildPhase;
			buildActionMask = 2147483647;
			files = (
			);
			runOnlyForDeploymentPostprocessing = 0;
		};
/* End PBXHeadersBuildPhase section */

/* Begin PBXNativeTarget section */
		52370AE723DD99A500E602EB /* GenericPopover */ = {
			isa = PBXNativeTarget;
			buildConfigurationList = 52370AF023DD99A500E602EB /* Build configuration list for PBXNativeTarget "GenericPopover" */;
			buildPhases = (
				52370AE323DD99A500E602EB /* Headers */,
				52370AE423DD99A500E602EB /* Sources */,
				52370AE523DD99A500E602EB /* Frameworks */,
				52370AE623DD99A500E602EB /* Resources */,
			);
			buildRules = (
			);
			dependencies = (
			);
			name = GenericPopover;
			productName = GenericPopover;
			productReference = 52370AE823DD99A500E602EB /* GenericPopover.framework */;
			productType = "com.apple.product-type.framework";
		};
/* End PBXNativeTarget section */

/* Begin PBXProject section */
		52370ADF23DD99A500E602EB /* Project object */ = {
			isa = PBXProject;
			attributes = {
				LastUpgradeCheck = 1130;
				ORGANIZATIONNAME = Shruezee;
				TargetAttributes = {
					52370AE723DD99A500E602EB = {
						CreatedOnToolsVersion = 11.3.1;
						LastSwiftMigration = 1130;
					};
				};
			};
			buildConfigurationList = 52370AE223DD99A500E602EB /* Build configuration list for PBXProject "GenericPopover" */;
			compatibilityVersion = "Xcode 9.3";
			developmentRegion = en;
			hasScannedForEncodings = 0;
			knownRegions = (
				en,
				Base,
			);
			mainGroup = 52370ADE23DD99A500E602EB;
			productRefGroup = 52370AE923DD99A500E602EB /* Products */;
			projectDirPath = "";
			projectRoot = "";
			targets = (
				52370AE723DD99A500E602EB /* GenericPopover */,
			);
		};
/* End PBXProject section */

/* Begin PBXResourcesBuildPhase section */
		52370AE623DD99A500E602EB /* Resources */ = {
			isa = PBXResourcesBuildPhase;
			buildActionMask = 2147483647;
			files = (
				52370B2823DDB4DF00E602EB /* Montserrat-ExtraBold.otf in Resources */,
				52370B2623DDB4DF00E602EB /* Montserrat-UltraLight.otf in Resources */,
				52370B1823DDB4C300E602EB /* png.png in Resources */,
				52370B2B23DDB4DF00E602EB /* Montserrat-SemiBold.otf in Resources */,
				52370B2423DDB4DF00E602EB /* Montserrat-Bold.otf in Resources */,
				52370B2723DDB4DF00E602EB /* Montserrat-Regular.otf in Resources */,
				52370B2523DDB4DF00E602EB /* Montserrat-Light.otf in Resources */,
				52370B2A23DDB4DF00E602EB /* Montserrat-Hairline.otf in Resources */,
				52370B2923DDB4DF00E602EB /* Montserrat-Black.otf in Resources */,
			);
			runOnlyForDeploymentPostprocessing = 0;
		};
/* End PBXResourcesBuildPhase section */

/* Begin PBXSourcesBuildPhase section */
		52370AE423DD99A500E602EB /* Sources */ = {
			isa = PBXSourcesBuildPhase;
			buildActionMask = 2147483647;
			files = (
				52370B3423DDB83000E602EB /* PopOverSample.storyboard in Sources */,
				52370B1723DDB4C300E602EB /* Utils.swift in Sources */,
				52370B1923DDB4C300E602EB /* PopOverSubClasses.swift in Sources */,
				52370B1A23DDB4C300E602EB /* PopoverBaseViewController.swift in Sources */,
			);
			runOnlyForDeploymentPostprocessing = 0;
		};
/* End PBXSourcesBuildPhase section */

/* Begin XCBuildConfiguration section */
		52370AEE23DD99A500E602EB /* Debug */ = {
			isa = XCBuildConfiguration;
			buildSettings = {
				ALWAYS_SEARCH_USER_PATHS = NO;
				CLANG_ANALYZER_NONNULL = YES;
				CLANG_ANALYZER_NUMBER_OBJECT_CONVERSION = YES_AGGRESSIVE;
				CLANG_CXX_LANGUAGE_STANDARD = "gnu++14";
				CLANG_CXX_LIBRARY = "libc++";
				CLANG_ENABLE_MODULES = YES;
				CLANG_ENABLE_OBJC_ARC = YES;
				CLANG_ENABLE_OBJC_WEAK = YES;
				CLANG_WARN_BLOCK_CAPTURE_AUTORELEASING = YES;
				CLANG_WARN_BOOL_CONVERSION = YES;
				CLANG_WARN_COMMA = YES;
				CLANG_WARN_CONSTANT_CONVERSION = YES;
				CLANG_WARN_DEPRECATED_OBJC_IMPLEMENTATIONS = YES;
				CLANG_WARN_DIRECT_OBJC_ISA_USAGE = YES_ERROR;
				CLANG_WARN_DOCUMENTATION_COMMENTS = YES;
				CLANG_WARN_EMPTY_BODY = YES;
				CLANG_WARN_ENUM_CONVERSION = YES;
				CLANG_WARN_INFINITE_RECURSION = YES;
				CLANG_WARN_INT_CONVERSION = YES;
				CLANG_WARN_NON_LITERAL_NULL_CONVERSION = YES;
				CLANG_WARN_OBJC_IMPLICIT_RETAIN_SELF = YES;
				CLANG_WARN_OBJC_LITERAL_CONVERSION = YES;
				CLANG_WARN_OBJC_ROOT_CLASS = YES_ERROR;
				CLANG_WARN_RANGE_LOOP_ANALYSIS = YES;
				CLANG_WARN_STRICT_PROTOTYPES = YES;
				CLANG_WARN_SUSPICIOUS_MOVE = YES;
				CLANG_WARN_UNGUARDED_AVAILABILITY = YES_AGGRESSIVE;
				CLANG_WARN_UNREACHABLE_CODE = YES;
				CLANG_WARN__DUPLICATE_METHOD_MATCH = YES;
				COPY_PHASE_STRIP = NO;
				CURRENT_PROJECT_VERSION = 1;
				DEBUG_INFORMATION_FORMAT = dwarf;
				ENABLE_STRICT_OBJC_MSGSEND = YES;
				ENABLE_TESTABILITY = YES;
				GCC_C_LANGUAGE_STANDARD = gnu11;
				GCC_DYNAMIC_NO_PIC = NO;
				GCC_NO_COMMON_BLOCKS = YES;
				GCC_OPTIMIZATION_LEVEL = 0;
				GCC_PREPROCESSOR_DEFINITIONS = (
					"DEBUG=1",
					"$(inherited)",
				);
				GCC_WARN_64_TO_32_BIT_CONVERSION = YES;
				GCC_WARN_ABOUT_RETURN_TYPE = YES_ERROR;
				GCC_WARN_UNDECLARED_SELECTOR = YES;
				GCC_WARN_UNINITIALIZED_AUTOS = YES_AGGRESSIVE;
				GCC_WARN_UNUSED_FUNCTION = YES;
				GCC_WARN_UNUSED_VARIABLE = YES;
				IPHONEOS_DEPLOYMENT_TARGET = 13.2;
				MTL_ENABLE_DEBUG_INFO = INCLUDE_SOURCE;
				MTL_FAST_MATH = YES;
				ONLY_ACTIVE_ARCH = YES;
				SDKROOT = iphoneos;
				SWIFT_ACTIVE_COMPILATION_CONDITIONS = DEBUG;
				SWIFT_OPTIMIZATION_LEVEL = "-Onone";
				VERSIONING_SYSTEM = "apple-generic";
				VERSION_INFO_PREFIX = "";
			};
			name = Debug;
		};
		52370AEF23DD99A500E602EB /* Release */ = {
			isa = XCBuildConfiguration;
			buildSettings = {
				ALWAYS_SEARCH_USER_PATHS = NO;
				CLANG_ANALYZER_NONNULL = YES;
				CLANG_ANALYZER_NUMBER_OBJECT_CONVERSION = YES_AGGRESSIVE;
				CLANG_CXX_LANGUAGE_STANDARD = "gnu++14";
				CLANG_CXX_LIBRARY = "libc++";
				CLANG_ENABLE_MODULES = YES;
				CLANG_ENABLE_OBJC_ARC = YES;
				CLANG_ENABLE_OBJC_WEAK = YES;
				CLANG_WARN_BLOCK_CAPTURE_AUTORELEASING = YES;
				CLANG_WARN_BOOL_CONVERSION = YES;
				CLANG_WARN_COMMA = YES;
				CLANG_WARN_CONSTANT_CONVERSION = YES;
				CLANG_WARN_DEPRECATED_OBJC_IMPLEMENTATIONS = YES;
				CLANG_WARN_DIRECT_OBJC_ISA_USAGE = YES_ERROR;
				CLANG_WARN_DOCUMENTATION_COMMENTS = YES;
				CLANG_WARN_EMPTY_BODY = YES;
				CLANG_WARN_ENUM_CONVERSION = YES;
				CLANG_WARN_INFINITE_RECURSION = YES;
				CLANG_WARN_INT_CONVERSION = YES;
				CLANG_WARN_NON_LITERAL_NULL_CONVERSION = YES;
				CLANG_WARN_OBJC_IMPLICIT_RETAIN_SELF = YES;
				CLANG_WARN_OBJC_LITERAL_CONVERSION = YES;
				CLANG_WARN_OBJC_ROOT_CLASS = YES_ERROR;
				CLANG_WARN_RANGE_LOOP_ANALYSIS = YES;
				CLANG_WARN_STRICT_PROTOTYPES = YES;
				CLANG_WARN_SUSPICIOUS_MOVE = YES;
				CLANG_WARN_UNGUARDED_AVAILABILITY = YES_AGGRESSIVE;
				CLANG_WARN_UNREACHABLE_CODE = YES;
				CLANG_WARN__DUPLICATE_METHOD_MATCH = YES;
				COPY_PHASE_STRIP = NO;
				CURRENT_PROJECT_VERSION = 1;
				DEBUG_INFORMATION_FORMAT = "dwarf-with-dsym";
				ENABLE_NS_ASSERTIONS = NO;
				ENABLE_STRICT_OBJC_MSGSEND = YES;
				GCC_C_LANGUAGE_STANDARD = gnu11;
				GCC_NO_COMMON_BLOCKS = YES;
				GCC_WARN_64_TO_32_BIT_CONVERSION = YES;
				GCC_WARN_ABOUT_RETURN_TYPE = YES_ERROR;
				GCC_WARN_UNDECLARED_SELECTOR = YES;
				GCC_WARN_UNINITIALIZED_AUTOS = YES_AGGRESSIVE;
				GCC_WARN_UNUSED_FUNCTION = YES;
				GCC_WARN_UNUSED_VARIABLE = YES;
				IPHONEOS_DEPLOYMENT_TARGET = 13.2;
				MTL_ENABLE_DEBUG_INFO = NO;
				MTL_FAST_MATH = YES;
				SDKROOT = iphoneos;
				SWIFT_COMPILATION_MODE = wholemodule;
				SWIFT_OPTIMIZATION_LEVEL = "-O";
				VALIDATE_PRODUCT = YES;
				VERSIONING_SYSTEM = "apple-generic";
				VERSION_INFO_PREFIX = "";
			};
			name = Release;
		};
		52370AF123DD99A500E602EB /* Debug */ = {
			isa = XCBuildConfiguration;
			buildSettings = {
				CLANG_ENABLE_MODULES = YES;
				CODE_SIGN_STYLE = Automatic;
				DEFINES_MODULE = YES;
				DEVELOPMENT_TEAM = 73RC6SBX5Y;
				DYLIB_COMPATIBILITY_VERSION = 1;
				DYLIB_CURRENT_VERSION = 1;
				DYLIB_INSTALL_NAME_BASE = "@rpath";
				INFOPLIST_FILE = GenericPopover/Info.plist;
				INSTALL_PATH = "$(LOCAL_LIBRARY_DIR)/Frameworks";
				IPHONEOS_DEPLOYMENT_TARGET = 9.3;
				LD_RUNPATH_SEARCH_PATHS = (
					"$(inherited)",
					"@executable_path/Frameworks",
					"@loader_path/Frameworks",
				);
				PRODUCT_BUNDLE_IDENTIFIER = com.shruezee.GenericPopover;
				PRODUCT_NAME = "$(TARGET_NAME:c99extidentifier)";
				SKIP_INSTALL = YES;
				SWIFT_OPTIMIZATION_LEVEL = "-Onone";
				SWIFT_VERSION = 5.0;
				TARGETED_DEVICE_FAMILY = "1,2";
			};
			name = Debug;
		};
		52370AF223DD99A500E602EB /* Release */ = {
			isa = XCBuildConfiguration;
			buildSettings = {
				CLANG_ENABLE_MODULES = YES;
				CODE_SIGN_STYLE = Automatic;
				DEFINES_MODULE = YES;
				DEVELOPMENT_TEAM = 73RC6SBX5Y;
				DYLIB_COMPATIBILITY_VERSION = 1;
				DYLIB_CURRENT_VERSION = 1;
				DYLIB_INSTALL_NAME_BASE = "@rpath";
				INFOPLIST_FILE = GenericPopover/Info.plist;
				INSTALL_PATH = "$(LOCAL_LIBRARY_DIR)/Frameworks";
				IPHONEOS_DEPLOYMENT_TARGET = 9.3;
				LD_RUNPATH_SEARCH_PATHS = (
					"$(inherited)",
					"@executable_path/Frameworks",
					"@loader_path/Frameworks",
				);
				PRODUCT_BUNDLE_IDENTIFIER = com.shruezee.GenericPopover;
				PRODUCT_NAME = "$(TARGET_NAME:c99extidentifier)";
				SKIP_INSTALL = YES;
				SWIFT_VERSION = 5.0;
				TARGETED_DEVICE_FAMILY = "1,2";
			};
			name = Release;
		};
/* End XCBuildConfiguration section */

/* Begin XCConfigurationList section */
		52370AE223DD99A500E602EB /* Build configuration list for PBXProject "GenericPopover" */ = {
			isa = XCConfigurationList;
			buildConfigurations = (
				52370AEE23DD99A500E602EB /* Debug */,
				52370AEF23DD99A500E602EB /* Release */,
			);
			defaultConfigurationIsVisible = 0;
			defaultConfigurationName = Release;
		};
		52370AF023DD99A500E602EB /* Build configuration list for PBXNativeTarget "GenericPopover" */ = {
			isa = XCConfigurationList;
			buildConfigurations = (
				52370AF123DD99A500E602EB /* Debug */,
				52370AF223DD99A500E602EB /* Release */,
			);
			defaultConfigurationIsVisible = 0;
			defaultConfigurationName = Release;
		};
/* End XCConfigurationList section */
	};
	rootObject = 52370ADF23DD99A500E602EB /* Project object */;
}
